
Microsoft Visual Studio Solution File, Format Version 12.00
# Visual Studio Version 16
VisualStudioVersion = 16.0.29411.108
MinimumVisualStudioVersion = 10.0.40219.1
Project("{FAE04EC0-301F-11D3-BF4B-00C04F79EFBC}") = "XamPOC", "XamPOC\XamPOC\XamPOC.csproj", "{B8A03D45-694B-40FB-BDA7-7F6914DE4310}"
EndProject
Project("{FAE04EC0-301F-11D3-BF4B-00C04F79EFBC}") = "XamPOC.Android", "XamPOC\XamPOC.Android\XamPOC.Android.csproj", "{5A9F9472-12C4-422E-BE8B-9AEFB49E6122}"
EndProject
Project("{FAE04EC0-301F-11D3-BF4B-00C04F79EFBC}") = "XamPOC.iOS", "XamPOC\XamPOC.iOS\XamPOC.iOS.csproj", "{1CAB7CA4-29D1-4131-9F2E-23DF63ECE202}"
EndProject
Project("{FAE04EC0-301F-11D3-BF4B-00C04F79EFBC}") = "XamPOC.UWP", "XamPOC\XamPOC.UWP\XamPOC.UWP.csproj", "{1024D484-F55C-441B-9875-754CFB8A387C}"
EndProject
Global
	GlobalSection(SolutionConfigurationPlatforms) = preSolution
		Ad-Hoc|Any CPU = Ad-Hoc|Any CPU
		Ad-Hoc|ARM = Ad-Hoc|ARM
		Ad-Hoc|iPhone = Ad-Hoc|iPhone
		Ad-Hoc|iPhoneSimulator = Ad-Hoc|iPhoneSimulator
		Ad-Hoc|x64 = Ad-Hoc|x64
		Ad-Hoc|x86 = Ad-Hoc|x86
		AppStore|Any CPU = AppStore|Any CPU
		AppStore|ARM = AppStore|ARM
		AppStore|iPhone = AppStore|iPhone
		AppStore|iPhoneSimulator = AppStore|iPhoneSimulator
		AppStore|x64 = AppStore|x64
		AppStore|x86 = AppStore|x86
		Debug|Any CPU = Debug|Any CPU
		Debug|ARM = Debug|ARM
		Debug|iPhone = Debug|iPhone
		Debug|iPhoneSimulator = Debug|iPhoneSimulator
		Debug|x64 = Debug|x64
		Debug|x86 = Debug|x86
		Release|Any CPU = Release|Any CPU
		Release|ARM = Release|ARM
		Release|iPhone = Release|iPhone
		Release|iPhoneSimulator = Release|iPhoneSimulator
		Release|x64 = Release|x64
		Release|x86 = Release|x86
	EndGlobalSection
	GlobalSection(ProjectConfigurationPlatforms) = postSolution
		{B8A03D45-694B-40FB-BDA7-7F6914DE4310}.Ad-Hoc|Any CPU.ActiveCfg = Debug|Any CPU
		{B8A03D45-694B-40FB-BDA7-7F6914DE4310}.Ad-Hoc|Any CPU.Build.0 = Debug|Any CPU
		{B8A03D45-694B-40FB-BDA7-7F6914DE4310}.Ad-Hoc|ARM.ActiveCfg = Debug|Any CPU
		{B8A03D45-694B-40FB-BDA7-7F6914DE4310}.Ad-Hoc|ARM.Build.0 = Debug|Any CPU
		{B8A03D45-694B-40FB-BDA7-7F6914DE4310}.Ad-Hoc|iPhone.ActiveCfg = Debug|Any CPU
		{B8A03D45-694B-40FB-BDA7-7F6914DE4310}.Ad-Hoc|iPhone.Build.0 = Debug|Any CPU
		{B8A03D45-694B-40FB-BDA7-7F6914DE4310}.Ad-Hoc|iPhoneSimulator.ActiveCfg = Debug|Any CPU
		{B8A03D45-694B-40FB-BDA7-7F6914DE4310}.Ad-Hoc|iPhoneSimulator.Build.0 = Debug|Any CPU
		{B8A03D45-694B-40FB-BDA7-7F6914DE4310}.Ad-Hoc|x64.ActiveCfg = Debug|Any CPU
		{B8A03D45-694B-40FB-BDA7-7F6914DE4310}.Ad-Hoc|x64.Build.0 = Debug|Any CPU
		{B8A03D45-694B-40FB-BDA7-7F6914DE4310}.Ad-Hoc|x86.ActiveCfg = Debug|Any CPU
		{B8A03D45-694B-40FB-BDA7-7F6914DE4310}.Ad-Hoc|x86.Build.0 = Debug|Any CPU
		{B8A03D45-694B-40FB-BDA7-7F6914DE4310}.AppStore|Any CPU.ActiveCfg = Debug|Any CPU
		{B8A03D45-694B-40FB-BDA7-7F6914DE4310}.AppStore|Any CPU.Build.0 = Debug|Any CPU
		{B8A03D45-694B-40FB-BDA7-7F6914DE4310}.AppStore|ARM.ActiveCfg = Debug|Any CPU
		{B8A03D45-694B-40FB-BDA7-7F6914DE4310}.AppStore|ARM.Build.0 = Debug|Any CPU
		{B8A03D45-694B-40FB-BDA7-7F6914DE4310}.AppStore|iPhone.ActiveCfg = Debug|Any CPU
		{B8A03D45-694B-40FB-BDA7-7F6914DE4310}.AppStore|iPhone.Build.0 = Debug|Any CPU
		{B8A03D45-694B-40FB-BDA7-7F6914DE4310}.AppStore|iPhoneSimulator.ActiveCfg = Debug|Any CPU
		{B8A03D45-694B-40FB-BDA7-7F6914DE4310}.AppStore|iPhoneSimulator.Build.0 = Debug|Any CPU
		{B8A03D45-694B-40FB-BDA7-7F6914DE4310}.AppStore|x64.ActiveCfg = Debug|Any CPU
		{B8A03D45-694B-40FB-BDA7-7F6914DE4310}.AppStore|x64.Build.0 = Debug|Any CPU
		{B8A03D45-694B-40FB-BDA7-7F6914DE4310}.AppStore|x86.ActiveCfg = Debug|Any CPU
		{B8A03D45-694B-40FB-BDA7-7F6914DE4310}.AppStore|x86.Build.0 = Debug|Any CPU
		{B8A03D45-694B-40FB-BDA7-7F6914DE4310}.Debug|Any CPU.ActiveCfg = Debug|Any CPU
		{B8A03D45-694B-40FB-BDA7-7F6914DE4310}.Debug|Any CPU.Build.0 = Debug|Any CPU
		{B8A03D45-694B-40FB-BDA7-7F6914DE4310}.Debug|ARM.ActiveCfg = Debug|Any CPU
		{B8A03D45-694B-40FB-BDA7-7F6914DE4310}.Debug|ARM.Build.0 = Debug|Any CPU
		{B8A03D45-694B-40FB-BDA7-7F6914DE4310}.Debug|iPhone.ActiveCfg = Debug|Any CPU
		{B8A03D45-694B-40FB-BDA7-7F6914DE4310}.Debug|iPhone.Build.0 = Debug|Any CPU
		{B8A03D45-694B-40FB-BDA7-7F6914DE4310}.Debug|iPhoneSimulator.ActiveCfg = Debug|Any CPU
		{B8A03D45-694B-40FB-BDA7-7F6914DE4310}.Debug|iPhoneSimulator.Build.0 = Debug|Any CPU
		{B8A03D45-694B-40FB-BDA7-7F6914DE4310}.Debug|x64.ActiveCfg = Debug|Any CPU
		{B8A03D45-694B-40FB-BDA7-7F6914DE4310}.Debug|x64.Build.0 = Debug|Any CPU
		{B8A03D45-694B-40FB-BDA7-7F6914DE4310}.Debug|x86.ActiveCfg = Debug|Any CPU
		{B8A03D45-694B-40FB-BDA7-7F6914DE4310}.Debug|x86.Build.0 = Debug|Any CPU
		{B8A03D45-694B-40FB-BDA7-7F6914DE4310}.Release|Any CPU.ActiveCfg = Release|Any CPU
		{B8A03D45-694B-40FB-BDA7-7F6914DE4310}.Release|Any CPU.Build.0 = Release|Any CPU
		{B8A03D45-694B-40FB-BDA7-7F6914DE4310}.Release|ARM.ActiveCfg = Release|Any CPU
		{B8A03D45-694B-40FB-BDA7-7F6914DE4310}.Release|ARM.Build.0 = Release|Any CPU
		{B8A03D45-694B-40FB-BDA7-7F6914DE4310}.Release|iPhone.ActiveCfg = Release|Any CPU
		{B8A03D45-694B-40FB-BDA7-7F6914DE4310}.Release|iPhone.Build.0 = Release|Any CPU
		{B8A03D45-694B-40FB-BDA7-7F6914DE4310}.Release|iPhoneSimulator.ActiveCfg = Release|Any CPU
		{B8A03D45-694B-40FB-BDA7-7F6914DE4310}.Release|iPhoneSimulator.Build.0 = Release|Any CPU
		{B8A03D45-694B-40FB-BDA7-7F6914DE4310}.Release|x64.ActiveCfg = Release|Any CPU
		{B8A03D45-694B-40FB-BDA7-7F6914DE4310}.Release|x64.Build.0 = Release|Any CPU
		{B8A03D45-694B-40FB-BDA7-7F6914DE4310}.Release|x86.ActiveCfg = Release|Any CPU
		{B8A03D45-694B-40FB-BDA7-7F6914DE4310}.Release|x86.Build.0 = Release|Any CPU
		{5A9F9472-12C4-422E-BE8B-9AEFB49E6122}.Ad-Hoc|Any CPU.ActiveCfg = Release|Any CPU
		{5A9F9472-12C4-422E-BE8B-9AEFB49E6122}.Ad-Hoc|Any CPU.Build.0 = Release|Any CPU
		{5A9F9472-12C4-422E-BE8B-9AEFB49E6122}.Ad-Hoc|Any CPU.Deploy.0 = Release|Any CPU
		{5A9F9472-12C4-422E-BE8B-9AEFB49E6122}.Ad-Hoc|ARM.ActiveCfg = Release|Any CPU
		{5A9F9472-12C4-422E-BE8B-9AEFB49E6122}.Ad-Hoc|ARM.Build.0 = Release|Any CPU
		{5A9F9472-12C4-422E-BE8B-9AEFB49E6122}.Ad-Hoc|ARM.Deploy.0 = Release|Any CPU
		{5A9F9472-12C4-422E-BE8B-9AEFB49E6122}.Ad-Hoc|iPhone.ActiveCfg = Release|Any CPU
		{5A9F9472-12C4-422E-BE8B-9AEFB49E6122}.Ad-Hoc|iPhone.Build.0 = Release|Any CPU
		{5A9F9472-12C4-422E-BE8B-9AEFB49E6122}.Ad-Hoc|iPhone.Deploy.0 = Release|Any CPU
		{5A9F9472-12C4-422E-BE8B-9AEFB49E6122}.Ad-Hoc|iPhoneSimulator.ActiveCfg = Release|Any CPU
		{5A9F9472-12C4-422E-BE8B-9AEFB49E6122}.Ad-Hoc|iPhoneSimulator.Build.0 = Release|Any CPU
		{5A9F9472-12C4-422E-BE8B-9AEFB49E6122}.Ad-Hoc|iPhoneSimulator.Deploy.0 = Release|Any CPU
		{5A9F9472-12C4-422E-BE8B-9AEFB49E6122}.Ad-Hoc|x64.ActiveCfg = Release|Any CPU
		{5A9F9472-12C4-422E-BE8B-9AEFB49E6122}.Ad-Hoc|x64.Build.0 = Release|Any CPU
		{5A9F9472-12C4-422E-BE8B-9AEFB49E6122}.Ad-Hoc|x64.Deploy.0 = Release|Any CPU
		{5A9F9472-12C4-422E-BE8B-9AEFB49E6122}.Ad-Hoc|x86.ActiveCfg = Release|Any CPU
		{5A9F9472-12C4-422E-BE8B-9AEFB49E6122}.Ad-Hoc|x86.Build.0 = Release|Any CPU
		{5A9F9472-12C4-422E-BE8B-9AEFB49E6122}.Ad-Hoc|x86.Deploy.0 = Release|Any CPU
		{5A9F9472-12C4-422E-BE8B-9AEFB49E6122}.AppStore|Any CPU.ActiveCfg = Release|Any CPU
		{5A9F9472-12C4-422E-BE8B-9AEFB49E6122}.AppStore|Any CPU.Build.0 = Release|Any CPU
		{5A9F9472-12C4-422E-BE8B-9AEFB49E6122}.AppStore|Any CPU.Deploy.0 = Release|Any CPU
		{5A9F9472-12C4-422E-BE8B-9AEFB49E6122}.AppStore|ARM.ActiveCfg = Release|Any CPU
		{5A9F9472-12C4-422E-BE8B-9AEFB49E6122}.AppStore|ARM.Build.0 = Release|Any CPU
		{5A9F9472-12C4-422E-BE8B-9AEFB49E6122}.AppStore|ARM.Deploy.0 = Release|Any CPU
		{5A9F9472-12C4-422E-BE8B-9AEFB49E6122}.AppStore|iPhone.ActiveCfg = Release|Any CPU
		{5A9F9472-12C4-422E-BE8B-9AEFB49E6122}.AppStore|iPhone.Build.0 = Release|Any CPU
		{5A9F9472-12C4-422E-BE8B-9AEFB49E6122}.AppStore|iPhone.Deploy.0 = Release|Any CPU
		{5A9F9472-12C4-422E-BE8B-9AEFB49E6122}.AppStore|iPhoneSimulator.ActiveCfg = Release|Any CPU
		{5A9F9472-12C4-422E-BE8B-9AEFB49E6122}.AppStore|iPhoneSimulator.Build.0 = Release|Any CPU
		{5A9F9472-12C4-422E-BE8B-9AEFB49E6122}.AppStore|iPhoneSimulator.Deploy.0 = Release|Any CPU
		{5A9F9472-12C4-422E-BE8B-9AEFB49E6122}.AppStore|x64.ActiveCfg = Release|Any CPU
		{5A9F9472-12C4-422E-BE8B-9AEFB49E6122}.AppStore|x64.Build.0 = Release|Any CPU
		{5A9F9472-12C4-422E-BE8B-9AEFB49E6122}.AppStore|x64.Deploy.0 = Release|Any CPU
		{5A9F9472-12C4-422E-BE8B-9AEFB49E6122}.AppStore|x86.ActiveCfg = Release|Any CPU
		{5A9F9472-12C4-422E-BE8B-9AEFB49E6122}.AppStore|x86.Build.0 = Release|Any CPU
		{5A9F9472-12C4-422E-BE8B-9AEFB49E6122}.AppStore|x86.Deploy.0 = Release|Any CPU
		{5A9F9472-12C4-422E-BE8B-9AEFB49E6122}.Debug|Any CPU.ActiveCfg = Debug|Any CPU
		{5A9F9472-12C4-422E-BE8B-9AEFB49E6122}.Debug|Any CPU.Build.0 = Debug|Any CPU
		{5A9F9472-12C4-422E-BE8B-9AEFB49E6122}.Debug|Any CPU.Deploy.0 = Debug|Any CPU
		{5A9F9472-12C4-422E-BE8B-9AEFB49E6122}.Debug|ARM.ActiveCfg = Debug|Any CPU
		{5A9F9472-12C4-422E-BE8B-9AEFB49E6122}.Debug|ARM.Build.0 = Debug|Any CPU
		{5A9F9472-12C4-422E-BE8B-9AEFB49E6122}.Debug|ARM.Deploy.0 = Debug|Any CPU
		{5A9F9472-12C4-422E-BE8B-9AEFB49E6122}.Debug|iPhone.ActiveCfg = Debug|Any CPU
		{5A9F9472-12C4-422E-BE8B-9AEFB49E6122}.Debug|iPhone.Build.0 = Debug|Any CPU
		{5A9F9472-12C4-422E-BE8B-9AEFB49E6122}.Debug|iPhone.Deploy.0 = Debug|Any CPU
		{5A9F9472-12C4-422E-BE8B-9AEFB49E6122}.Debug|iPhoneSimulator.ActiveCfg = Debug|Any CPU
		{5A9F9472-12C4-422E-BE8B-9AEFB49E6122}.Debug|iPhoneSimulator.Build.0 = Debug|Any CPU
		{5A9F9472-12C4-422E-BE8B-9AEFB49E6122}.Debug|iPhoneSimulator.Deploy.0 = Debug|Any CPU
		{5A9F9472-12C4-422E-BE8B-9AEFB49E6122}.Debug|x64.ActiveCfg = Debug|Any CPU
		{5A9F9472-12C4-422E-BE8B-9AEFB49E6122}.Debug|x64.Build.0 = Debug|Any CPU
		{5A9F9472-12C4-422E-BE8B-9AEFB49E6122}.Debug|x64.Deploy.0 = Debug|Any CPU
		{5A9F9472-12C4-422E-BE8B-9AEFB49E6122}.Debug|x86.ActiveCfg = Debug|Any CPU
		{5A9F9472-12C4-422E-BE8B-9AEFB49E6122}.Debug|x86.Build.0 = Debug|Any CPU
		{5A9F9472-12C4-422E-BE8B-9AEFB49E6122}.Debug|x86.Deploy.0 = Debug|Any CPU
		{5A9F9472-12C4-422E-BE8B-9AEFB49E6122}.Release|Any CPU.ActiveCfg = Release|Any CPU
		{5A9F9472-12C4-422E-BE8B-9AEFB49E6122}.Release|Any CPU.Build.0 = Release|Any CPU
		{5A9F9472-12C4-422E-BE8B-9AEFB49E6122}.Release|Any CPU.Deploy.0 = Release|Any CPU
		{5A9F9472-12C4-422E-BE8B-9AEFB49E6122}.Release|ARM.ActiveCfg = Release|Any CPU
		{5A9F9472-12C4-422E-BE8B-9AEFB49E6122}.Release|ARM.Build.0 = Release|Any CPU
		{5A9F9472-12C4-422E-BE8B-9AEFB49E6122}.Release|ARM.Deploy.0 = Release|Any CPU
		{5A9F9472-12C4-422E-BE8B-9AEFB49E6122}.Release|iPhone.ActiveCfg = Release|Any CPU
		{5A9F9472-12C4-422E-BE8B-9AEFB49E6122}.Release|iPhone.Build.0 = Release|Any CPU
		{5A9F9472-12C4-422E-BE8B-9AEFB49E6122}.Release|iPhone.Deploy.0 = Release|Any CPU
		{5A9F9472-12C4-422E-BE8B-9AEFB49E6122}.Release|iPhoneSimulator.ActiveCfg = Release|Any CPU
		{5A9F9472-12C4-422E-BE8B-9AEFB49E6122}.Release|iPhoneSimulator.Build.0 = Release|Any CPU
		{5A9F9472-12C4-422E-BE8B-9AEFB49E6122}.Release|iPhoneSimulator.Deploy.0 = Release|Any CPU
		{5A9F9472-12C4-422E-BE8B-9AEFB49E6122}.Release|x64.ActiveCfg = Release|Any CPU
		{5A9F9472-12C4-422E-BE8B-9AEFB49E6122}.Release|x64.Build.0 = Release|Any CPU
		{5A9F9472-12C4-422E-BE8B-9AEFB49E6122}.Release|x64.Deploy.0 = Release|Any CPU
		{5A9F9472-12C4-422E-BE8B-9AEFB49E6122}.Release|x86.ActiveCfg = Release|Any CPU
		{5A9F9472-12C4-422E-BE8B-9AEFB49E6122}.Release|x86.Build.0 = Release|Any CPU
		{5A9F9472-12C4-422E-BE8B-9AEFB49E6122}.Release|x86.Deploy.0 = Release|Any CPU
		{1CAB7CA4-29D1-4131-9F2E-23DF63ECE202}.Ad-Hoc|Any CPU.ActiveCfg = Ad-Hoc|iPhone
		{1CAB7CA4-29D1-4131-9F2E-23DF63ECE202}.Ad-Hoc|ARM.ActiveCfg = Ad-Hoc|iPhone
		{1CAB7CA4-29D1-4131-9F2E-23DF63ECE202}.Ad-Hoc|iPhone.ActiveCfg = Ad-Hoc|iPhone
		{1CAB7CA4-29D1-4131-9F2E-23DF63ECE202}.Ad-Hoc|iPhone.Build.0 = Ad-Hoc|iPhone
		{1CAB7CA4-29D1-4131-9F2E-23DF63ECE202}.Ad-Hoc|iPhoneSimulator.ActiveCfg = Ad-Hoc|iPhoneSimulator
		{1CAB7CA4-29D1-4131-9F2E-23DF63ECE202}.Ad-Hoc|iPhoneSimulator.Build.0 = Ad-Hoc|iPhoneSimulator
		{1CAB7CA4-29D1-4131-9F2E-23DF63ECE202}.Ad-Hoc|x64.ActiveCfg = Ad-Hoc|iPhone
		{1CAB7CA4-29D1-4131-9F2E-23DF63ECE202}.Ad-Hoc|x86.ActiveCfg = Ad-Hoc|iPhone
		{1CAB7CA4-29D1-4131-9F2E-23DF63ECE202}.AppStore|Any CPU.ActiveCfg = AppStore|iPhone
		{1CAB7CA4-29D1-4131-9F2E-23DF63ECE202}.AppStore|ARM.ActiveCfg = AppStore|iPhone
		{1CAB7CA4-29D1-4131-9F2E-23DF63ECE202}.AppStore|iPhone.ActiveCfg = AppStore|iPhone
		{1CAB7CA4-29D1-4131-9F2E-23DF63ECE202}.AppStore|iPhone.Build.0 = AppStore|iPhone
		{1CAB7CA4-29D1-4131-9F2E-23DF63ECE202}.AppStore|iPhoneSimulator.ActiveCfg = AppStore|iPhoneSimulator
		{1CAB7CA4-29D1-4131-9F2E-23DF63ECE202}.AppStore|iPhoneSimulator.Build.0 = AppStore|iPhoneSimulator
		{1CAB7CA4-29D1-4131-9F2E-23DF63ECE202}.AppStore|x64.ActiveCfg = AppStore|iPhone
		{1CAB7CA4-29D1-4131-9F2E-23DF63ECE202}.AppStore|x86.ActiveCfg = AppStore|iPhone
		{1CAB7CA4-29D1-4131-9F2E-23DF63ECE202}.Debug|Any CPU.ActiveCfg = Debug|iPhone
		{1CAB7CA4-29D1-4131-9F2E-23DF63ECE202}.Debug|ARM.ActiveCfg = Debug|iPhone
		{1CAB7CA4-29D1-4131-9F2E-23DF63ECE202}.Debug|iPhone.ActiveCfg = Debug|iPhone
		{1CAB7CA4-29D1-4131-9F2E-23DF63ECE202}.Debug|iPhone.Build.0 = Debug|iPhone
		{1CAB7CA4-29D1-4131-9F2E-23DF63ECE202}.Debug|iPhoneSimulator.ActiveCfg = Debug|iPhoneSimulator
		{1CAB7CA4-29D1-4131-9F2E-23DF63ECE202}.Debug|iPhoneSimulator.Build.0 = Debug|iPhoneSimulator
		{1CAB7CA4-29D1-4131-9F2E-23DF63ECE202}.Debug|x64.ActiveCfg = Debug|iPhone
		{1CAB7CA4-29D1-4131-9F2E-23DF63ECE202}.Debug|x86.ActiveCfg = Debug|iPhone
		{1CAB7CA4-29D1-4131-9F2E-23DF63ECE202}.Release|Any CPU.ActiveCfg = Release|iPhone
		{1CAB7CA4-29D1-4131-9F2E-23DF63ECE202}.Release|ARM.ActiveCfg = Release|iPhone
		{1CAB7CA4-29D1-4131-9F2E-23DF63ECE202}.Release|iPhone.ActiveCfg = Release|iPhone
		{1CAB7CA4-29D1-4131-9F2E-23DF63ECE202}.Release|iPhone.Build.0 = Release|iPhone
		{1CAB7CA4-29D1-4131-9F2E-23DF63ECE202}.Release|iPhoneSimulator.ActiveCfg = Release|iPhoneSimulator
		{1CAB7CA4-29D1-4131-9F2E-23DF63ECE202}.Release|iPhoneSimulator.Build.0 = Release|iPhoneSimulator
		{1CAB7CA4-29D1-4131-9F2E-23DF63ECE202}.Release|x64.ActiveCfg = Release|iPhone
		{1CAB7CA4-29D1-4131-9F2E-23DF63ECE202}.Release|x86.ActiveCfg = Release|iPhone
		{1024D484-F55C-441B-9875-754CFB8A387C}.Ad-Hoc|Any CPU.ActiveCfg = Release|x86
		{1024D484-F55C-441B-9875-754CFB8A387C}.Ad-Hoc|Any CPU.Build.0 = Release|x86
		{1024D484-F55C-441B-9875-754CFB8A387C}.Ad-Hoc|Any CPU.Deploy.0 = Release|x86
		{1024D484-F55C-441B-9875-754CFB8A387C}.Ad-Hoc|ARM.ActiveCfg = Release|ARM
		{1024D484-F55C-441B-9875-754CFB8A387C}.Ad-Hoc|ARM.Build.0 = Release|ARM
		{1024D484-F55C-441B-9875-754CFB8A387C}.Ad-Hoc|ARM.Deploy.0 = Release|ARM
		{1024D484-F55C-441B-9875-754CFB8A387C}.Ad-Hoc|iPhone.ActiveCfg = Release|x86
		{1024D484-F55C-441B-9875-754CFB8A387C}.Ad-Hoc|iPhone.Build.0 = Release|x86
		{1024D484-F55C-441B-9875-754CFB8A387C}.Ad-Hoc|iPhone.Deploy.0 = Release|x86
		{1024D484-F55C-441B-9875-754CFB8A387C}.Ad-Hoc|iPhoneSimulator.ActiveCfg = Release|x86
		{1024D484-F55C-441B-9875-754CFB8A387C}.Ad-Hoc|iPhoneSimulator.Build.0 = Release|x86
		{1024D484-F55C-441B-9875-754CFB8A387C}.Ad-Hoc|iPhoneSimulator.Deploy.0 = Release|x86
		{1024D484-F55C-441B-9875-754CFB8A387C}.Ad-Hoc|x64.ActiveCfg = Release|x64
		{1024D484-F55C-441B-9875-754CFB8A387C}.Ad-Hoc|x64.Build.0 = Release|x64
		{1024D484-F55C-441B-9875-754CFB8A387C}.Ad-Hoc|x64.Deploy.0 = Release|x64
		{1024D484-F55C-441B-9875-754CFB8A387C}.Ad-Hoc|x86.ActiveCfg = Release|x86
		{1024D484-F55C-441B-9875-754CFB8A387C}.Ad-Hoc|x86.Build.0 = Release|x86
		{1024D484-F55C-441B-9875-754CFB8A387C}.Ad-Hoc|x86.Deploy.0 = Release|x86
		{1024D484-F55C-441B-9875-754CFB8A387C}.AppStore|Any CPU.ActiveCfg = Release|x86
		{1024D484-F55C-441B-9875-754CFB8A387C}.AppStore|Any CPU.Build.0 = Release|x86
		{1024D484-F55C-441B-9875-754CFB8A387C}.AppStore|Any CPU.Deploy.0 = Release|x86
		{1024D484-F55C-441B-9875-754CFB8A387C}.AppStore|ARM.ActiveCfg = Release|ARM
		{1024D484-F55C-441B-9875-754CFB8A387C}.AppStore|ARM.Build.0 = Release|ARM
		{1024D484-F55C-441B-9875-754CFB8A387C}.AppStore|ARM.Deploy.0 = Release|ARM
		{1024D484-F55C-441B-9875-754CFB8A387C}.AppStore|iPhone.ActiveCfg = Release|x86
		{1024D484-F55C-441B-9875-754CFB8A387C}.AppStore|iPhone.Build.0 = Release|x86
		{1024D484-F55C-441B-9875-754CFB8A387C}.AppStore|iPhone.Deploy.0 = Release|x86
		{1024D484-F55C-441B-9875-754CFB8A387C}.AppStore|iPhoneSimulator.ActiveCfg = Release|x86
		{1024D484-F55C-441B-9875-754CFB8A387C}.AppStore|iPhoneSimulator.Build.0 = Release|x86
		{1024D484-F55C-441B-9875-754CFB8A387C}.AppStore|iPhoneSimulator.Deploy.0 = Release|x86
		{1024D484-F55C-441B-9875-754CFB8A387C}.AppStore|x64.ActiveCfg = Release|x64
		{1024D484-F55C-441B-9875-754CFB8A387C}.AppStore|x64.Build.0 = Release|x64
		{1024D484-F55C-441B-9875-754CFB8A387C}.AppStore|x64.Deploy.0 = Release|x64
		{1024D484-F55C-441B-9875-754CFB8A387C}.AppStore|x86.ActiveCfg = Release|x86
		{1024D484-F55C-441B-9875-754CFB8A387C}.AppStore|x86.Build.0 = Release|x86
		{1024D484-F55C-441B-9875-754CFB8A387C}.AppStore|x86.Deploy.0 = Release|x86
		{1024D484-F55C-441B-9875-754CFB8A387C}.Debug|Any CPU.ActiveCfg = Debug|x86
		{1024D484-F55C-441B-9875-754CFB8A387C}.Debug|ARM.ActiveCfg = Debug|ARM
		{1024D484-F55C-441B-9875-754CFB8A387C}.Debug|ARM.Build.0 = Debug|ARM
		{1024D484-F55C-441B-9875-754CFB8A387C}.Debug|ARM.Deploy.0 = Debug|ARM
		{1024D484-F55C-441B-9875-754CFB8A387C}.Debug|iPhone.ActiveCfg = Debug|x86
		{1024D484-F55C-441B-9875-754CFB8A387C}.Debug|iPhoneSimulator.ActiveCfg = Debug|x86
		{1024D484-F55C-441B-9875-754CFB8A387C}.Debug|x64.ActiveCfg = Debug|x64
		{1024D484-F55C-441B-9875-754CFB8A387C}.Debug|x64.Build.0 = Debug|x64
		{1024D484-F55C-441B-9875-754CFB8A387C}.Debug|x64.Deploy.0 = Debug|x64
		{1024D484-F55C-441B-9875-754CFB8A387C}.Debug|x86.ActiveCfg = Debug|x86
		{1024D484-F55C-441B-9875-754CFB8A387C}.Debug|x86.Build.0 = Debug|x86
		{1024D484-F55C-441B-9875-754CFB8A387C}.Debug|x86.Deploy.0 = Debug|x86
		{1024D484-F55C-441B-9875-754CFB8A387C}.Release|Any CPU.ActiveCfg = Release|x86
		{1024D484-F55C-441B-9875-754CFB8A387C}.Release|ARM.ActiveCfg = Release|ARM
		{1024D484-F55C-441B-9875-754CFB8A387C}.Release|ARM.Build.0 = Release|ARM
		{1024D484-F55C-441B-9875-754CFB8A387C}.Release|ARM.Deploy.0 = Release|ARM
		{1024D484-F55C-441B-9875-754CFB8A387C}.Release|iPhone.ActiveCfg = Release|x86
		{1024D484-F55C-441B-9875-754CFB8A387C}.Release|iPhoneSimulator.ActiveCfg = Release|x86
		{1024D484-F55C-441B-9875-754CFB8A387C}.Release|x64.ActiveCfg = Release|x64
		{1024D484-F55C-441B-9875-754CFB8A387C}.Release|x64.Build.0 = Release|x64
		{1024D484-F55C-441B-9875-754CFB8A387C}.Release|x64.Deploy.0 = Release|x64
		{1024D484-F55C-441B-9875-754CFB8A387C}.Release|x86.ActiveCfg = Release|x86
		{1024D484-F55C-441B-9875-754CFB8A387C}.Release|x86.Build.0 = Release|x86
		{1024D484-F55C-441B-9875-754CFB8A387C}.Release|x86.Deploy.0 = Release|x86
	EndGlobalSection
	GlobalSection(SolutionProperties) = preSolution
		HideSolutionNode = FALSE
	EndGlobalSection
	GlobalSection(ExtensibilityGlobals) = postSolution
		SolutionGuid = {51D68E53-E9F0-43E8-A857-574355D27DB5}
	EndGlobalSection
EndGlobal
